
Microsoft Visual Studio Solution File, Format Version 12.00
# Visual Studio Version 17
VisualStudioVersion = 17.4.33213.308
MinimumVisualStudioVersion = 10.0.40219.1
Project("{FAE04EC0-301F-11D3-BF4B-00C04F79EFBC}") = "TechCardGeneration", "TechCardGeneration\TechCardGeneration.csproj", "{9022138C-1AED-429C-BFA4-4F92AEF332CD}"
EndProject
Global
	GlobalSection(SolutionConfigurationPlatforms) = preSolution
		Debug|Any CPU = Debug|Any CPU
		Release|Any CPU = Release|Any CPU
	EndGlobalSection
	GlobalSection(ProjectConfigurationPlatforms) = postSolution
		{9022138C-1AED-429C-BFA4-4F92AEF332CD}.Debug|Any CPU.ActiveCfg = Debug|Any CPU
		{9022138C-1AED-429C-BFA4-4F92AEF332CD}.Debug|Any CPU.Build.0 = Debug|Any CPU
		{9022138C-1AED-429C-BFA4-4F92AEF332CD}.Release|Any CPU.ActiveCfg = Release|Any CPU
		{9022138C-1AED-429C-BFA4-4F92AEF332CD}.Release|Any CPU.Build.0 = Release|Any CPU
	EndGlobalSection
	GlobalSection(SolutionProperties) = preSolution
		HideSolutionNode = FALSE
	EndGlobalSection
	GlobalSection(ExtensibilityGlobals) = postSolution
		SolutionGuid = {477026D8-2936-4ABD-81EA-39E25EB2F37F}
	EndGlobalSection
EndGlobal
